<?xml version="1.0" encoding="utf-8"?>
<Project ToolsVersion="4.0" xmlns="http://schemas.microsoft.com/developer/msbuild/2003">
  <ItemGroup>
    <Filter Include="Source Files">
      <UniqueIdentifier>{4FC737F1-C7A5-4376-A066-2A32D752A2FF}</UniqueIdentifier>
      <Extensions>cpp;c;cc;cxx;def;odl;idl;hpj;bat;asm;asmx</Extensions>
    </Filter>
    <Filter Include="Header Files">
      <UniqueIdentifier>{93995380-89BD-4b04-88EB-625FBE52EBFB}</UniqueIdentifier>
      <Extensions>h;hpp;hxx;hm;inl;inc;xsd</Extensions>
    </Filter>
    <Filter Include="Resource Files">
      <UniqueIdentifier>{67DA6AB6-F800-4c08-8B7A-83BB121AAD01}</UniqueIdentifier>
      <Extensions>rc;ico;cur;bmp;dlg;rc2;rct;bin;rgs;gif;jpg;jpeg;jpe;resx;tiff;tif;png;wav;mfcribbon-ms</Extensions>
    </Filter>
    <Filter Include="Driver Files">
      <UniqueIdentifier>{8E41214B-6785-4CFE-B992-037D68949A14}</UniqueIdentifier>
      <Extensions>inf;inv;inx;mof;mc;</Extensions>
    </Filter>
    <Filter Include="Header Files\namespaces">
      <UniqueIdentifier>{b1193764-5644-4732-9ca3-3335b067c6fa}</UniqueIdentifier>
    </Filter>
    <Filter Include="Header Files\hooks">
      <UniqueIdentifier>{64d452a2-bca4-4440-8fd3-2241c914b02c}</UniqueIdentifier>
    </Filter>
    <Filter Include="Header Files\types">
      <UniqueIdentifier>{cd58dbc7-826c-4357-a9f6-584fdf1c946f}</UniqueIdentifier>
    </Filter>
    <Filter Include="Source Files\namespaces">
      <UniqueIdentifier>{da800bce-0a49-4306-896e-3bcd5c1deb5c}</UniqueIdentifier>
    </Filter>
    <Filter Include="Source Files\hooks">
      <UniqueIdentifier>{d205988e-6a91-4324-91dc-221a5217ecfd}</UniqueIdentifier>
    </Filter>
    <Filter Include="Source Files\main driver functions">
      <UniqueIdentifier>{59600a13-debb-434a-83d9-bdcd1953357b}</UniqueIdentifier>
    </Filter>
    <Filter Include="Header Files\main driver functions">
      <UniqueIdentifier>{f53b6688-00dc-4e66-8a0a-01fa8f528256}</UniqueIdentifier>
    </Filter>
  </ItemGroup>
  <ItemGroup>
    <Inf Include="Gremlins.inf">
      <Filter>Driver Files</Filter>
    </Inf>
  </ItemGroup>
  <ItemGroup>
    <ClCompile Include="detour.cpp">
      <Filter>Source Files\namespaces</Filter>
    </ClCompile>
    <ClCompile Include="resolve.cpp">
      <Filter>Source Files\namespaces</Filter>
    </ClCompile>
    <ClCompile Include="ntcreatefile.cpp">
      <Filter>Source Files\hooks</Filter>
    </ClCompile>
    <ClCompile Include="ntdeviceiocontrolfile.cpp">
      <Filter>Source Files\hooks</Filter>
    </ClCompile>
    <ClCompile Include="dispatchfunctions.cpp">
      <Filter>Source Files\main driver functions</Filter>
    </ClCompile>
    <ClCompile Include="Source.cpp">
      <Filter>Source Files</Filter>
    </ClCompile>
    <ClCompile Include="hook.cpp">
      <Filter>Source Files\namespaces</Filter>
    </ClCompile>
  </ItemGroup>
  <ItemGroup>
    <ClInclude Include="detour.h">
      <Filter>Header Files\namespaces</Filter>
    </ClInclude>
    <ClInclude Include="resolve.h">
      <Filter>Header Files\namespaces</Filter>
    </ClInclude>
    <ClInclude Include="ntcreatefile.h">
      <Filter>Header Files\hooks</Filter>
    </ClInclude>
    <ClInclude Include="ntdeviceiocontrolfile.h">
      <Filter>Header Files\hooks</Filter>
    </ClInclude>
    <ClInclude Include="typedefs.h">
      <Filter>Header Files\types</Filter>
    </ClInclude>
    <ClInclude Include="dispatchfunctions.h">
      <Filter>Header Files\main driver functions</Filter>
    </ClInclude>
    <ClInclude Include="hook.h">
      <Filter>Header Files\namespaces</Filter>
    </ClInclude>
    <ClInclude Include="20h2Eprocess.h">
      <Filter>Header Files\types</Filter>
    </ClInclude>
  </ItemGroup>
</Project>