<?xml version="1.0" encoding="utf-8"?>
<Project ToolsVersion="4.0" xmlns="http://schemas.microsoft.com/developer/msbuild/2003">
  <ItemGroup>
    <Filter Include="Source Files">
      <UniqueIdentifier>{4FC737F1-C7A5-4376-A066-2A32D752A2FF}</UniqueIdentifier>
      <Extensions>cpp;c;cc;cxx;def;odl;idl;hpj;bat;asm;asmx</Extensions>
    </Filter>
    <Filter Include="Header Files">
      <UniqueIdentifier>{93995380-89BD-4b04-88EB-625FBE52EBFB}</UniqueIdentifier>
      <Extensions>h;hpp;hxx;hm;inl;inc;xsd</Extensions>
    </Filter>
    <Filter Include="Resource Files">
      <UniqueIdentifier>{67DA6AB6-F800-4c08-8B7A-83BB121AAD01}</UniqueIdentifier>
      <Extensions>rc;ico;cur;bmp;dlg;rc2;rct;bin;rgs;gif;jpg;jpeg;jpe;resx;tiff;tif;png;wav;mfcribbon-ms</Extensions>
    </Filter>
    <Filter Include="Driver Files">
      <UniqueIdentifier>{8E41214B-6785-4CFE-B992-037D68949A14}</UniqueIdentifier>
      <Extensions>inf;inv;inx;mof;mc;</Extensions>
    </Filter>
    <Filter Include="Source Files\Classes">
      <UniqueIdentifier>{38aeb4cd-7829-43f4-9406-ee59599222ca}</UniqueIdentifier>
    </Filter>
    <Filter Include="Source Files\Namespaces">
      <UniqueIdentifier>{da800bce-0a49-4306-896e-3bcd5c1deb5c}</UniqueIdentifier>
    </Filter>
    <Filter Include="Source Files\Main driver functions">
      <UniqueIdentifier>{59600a13-debb-434a-83d9-bdcd1953357b}</UniqueIdentifier>
    </Filter>
    <Filter Include="Source Files\Hooks">
      <UniqueIdentifier>{d205988e-6a91-4324-91dc-221a5217ecfd}</UniqueIdentifier>
    </Filter>
    <Filter Include="Header Files\Hooks">
      <UniqueIdentifier>{64d452a2-bca4-4440-8fd3-2241c914b02c}</UniqueIdentifier>
    </Filter>
    <Filter Include="Header Files\Main driver functions">
      <UniqueIdentifier>{f53b6688-00dc-4e66-8a0a-01fa8f528256}</UniqueIdentifier>
    </Filter>
    <Filter Include="Header Files\Namespaces">
      <UniqueIdentifier>{b1193764-5644-4732-9ca3-3335b067c6fa}</UniqueIdentifier>
    </Filter>
    <Filter Include="Header Files\Types">
      <UniqueIdentifier>{cd58dbc7-826c-4357-a9f6-584fdf1c946f}</UniqueIdentifier>
    </Filter>
    <Filter Include="Header Files\Classes">
      <UniqueIdentifier>{0513ec47-cd02-4f4b-a987-cb71fcd11f1d}</UniqueIdentifier>
    </Filter>
    <Filter Include="Source Files\Hooks\Hook Types">
      <UniqueIdentifier>{720d2564-128a-437f-bc7c-a9de5b1d4e1b}</UniqueIdentifier>
    </Filter>
    <Filter Include="Source Files\Hooks\Syscall Hooks">
      <UniqueIdentifier>{6cfb5422-5322-486d-b71a-d1b27d2a8ff7}</UniqueIdentifier>
    </Filter>
  </ItemGroup>
  <ItemGroup>
    <Inf Include="Gremlins.inf">
      <Filter>Driver Files</Filter>
    </Inf>
  </ItemGroup>
  <ItemGroup>
    <ClCompile Include="detour.cpp">
      <Filter>Source Files\Namespaces</Filter>
    </ClCompile>
    <ClCompile Include="resolve.cpp">
      <Filter>Source Files\Namespaces</Filter>
    </ClCompile>
    <ClCompile Include="dispatchfunctions.cpp">
      <Filter>Source Files\Main driver functions</Filter>
    </ClCompile>
    <ClCompile Include="Source.cpp">
      <Filter>Source Files</Filter>
    </ClCompile>
    <ClCompile Include="hook.cpp">
      <Filter>Source Files\Namespaces</Filter>
    </ClCompile>
    <ClCompile Include="AuxWrapper.cpp">
      <Filter>Source Files\Classes</Filter>
    </ClCompile>
    <ClCompile Include="Leaks.cpp">
      <Filter>Source Files\Classes</Filter>
    </ClCompile>
    <ClCompile Include="privileges.cpp">
      <Filter>Source Files\Classes</Filter>
    </ClCompile>
    <ClCompile Include="ProcessHandle.cpp">
      <Filter>Source Files\Classes</Filter>
    </ClCompile>
    <ClCompile Include="ntcreatefile.cpp">
      <Filter>Source Files\Hooks\Syscall Hooks</Filter>
    </ClCompile>
    <ClCompile Include="ntdeviceiocontrolfile.cpp">
      <Filter>Source Files\Hooks\Syscall Hooks</Filter>
    </ClCompile>
    <ClCompile Include="SpinLocked.cpp">
      <Filter>Source Files</Filter>
    </ClCompile>
    <ClCompile Include="ProcessCallbacks.cpp">
      <Filter>Source Files</Filter>
    </ClCompile>
    <ClCompile Include="exclusions.cpp">
      <Filter>Source Files</Filter>
    </ClCompile>
    <ClCompile Include="ntcreatetransactionmanager.cpp">
      <Filter>Source Files\Hooks\Syscall Hooks</Filter>
    </ClCompile>
  </ItemGroup>
  <ItemGroup>
    <ClInclude Include="detour.h">
      <Filter>Header Files\Namespaces</Filter>
    </ClInclude>
    <ClInclude Include="resolve.h">
      <Filter>Header Files\Namespaces</Filter>
    </ClInclude>
    <ClInclude Include="ntcreatefile.h">
      <Filter>Header Files\Hooks</Filter>
    </ClInclude>
    <ClInclude Include="ntdeviceiocontrolfile.h">
      <Filter>Header Files\Hooks</Filter>
    </ClInclude>
    <ClInclude Include="dispatchfunctions.h">
      <Filter>Header Files\Main driver functions</Filter>
    </ClInclude>
    <ClInclude Include="hook.h">
      <Filter>Header Files\Namespaces</Filter>
    </ClInclude>
    <ClInclude Include="AuxWrapper.h">
      <Filter>Header Files\Classes</Filter>
    </ClInclude>
    <ClInclude Include="Leaks.h">
      <Filter>Header Files\Classes</Filter>
    </ClInclude>
    <ClInclude Include="privileges.h">
      <Filter>Header Files\Classes</Filter>
    </ClInclude>
    <ClInclude Include="ProcessHandle.h">
      <Filter>Header Files\Classes</Filter>
    </ClInclude>
    <ClInclude Include="kutypes.h">
      <Filter>Header Files\Types</Filter>
    </ClInclude>
    <ClInclude Include="LeaksTypes.h">
      <Filter>Header Files\Types</Filter>
    </ClInclude>
    <ClInclude Include="ProcessHandleTypes.h">
      <Filter>Header Files\Types</Filter>
    </ClInclude>
    <ClInclude Include="typesndefs.h">
      <Filter>Header Files\Types</Filter>
    </ClInclude>
    <ClInclude Include="ntcreatefiletypes.h">
      <Filter>Source Files\Hooks\Hook Types</Filter>
    </ClInclude>
    <ClInclude Include="AuxTypes.h">
      <Filter>Header Files\Types</Filter>
    </ClInclude>
    <ClInclude Include="SpinLocked.h">
      <Filter>Header Files</Filter>
    </ClInclude>
    <ClInclude Include="ProcessCallbacks.h">
      <Filter>Header Files</Filter>
    </ClInclude>
    <ClInclude Include="exclusions.h">
      <Filter>Header Files\Namespaces</Filter>
    </ClInclude>
    <ClInclude Include="ntcreatetransactionmanager.h">
      <Filter>Header Files\Hooks</Filter>
    </ClInclude>
  </ItemGroup>
</Project>